
Microsoft Visual Studio Solution File, Format Version 12.00
# Visual Studio 15
VisualStudioVersion = 15.0.28307.421
MinimumVisualStudioVersion = 10.0.40219.1
Project("{FAE04EC0-301F-11D3-BF4B-00C04F79EFBC}") = "Losowanie", "Losowanie\Losowanie.csproj", "{064F46B4-0FF4-4D88-B9CE-2924624CB6E4}"
EndProject
Global
	GlobalSection(SolutionConfigurationPlatforms) = preSolution
		Debug|Any CPU = Debug|Any CPU
		Release|Any CPU = Release|Any CPU
	EndGlobalSection
	GlobalSection(ProjectConfigurationPlatforms) = postSolution
		{064F46B4-0FF4-4D88-B9CE-2924624CB6E4}.Debug|Any CPU.ActiveCfg = Debug|Any CPU
		{064F46B4-0FF4-4D88-B9CE-2924624CB6E4}.Debug|Any CPU.Build.0 = Debug|Any CPU
		{064F46B4-0FF4-4D88-B9CE-2924624CB6E4}.Release|Any CPU.ActiveCfg = Release|Any CPU
		{064F46B4-0FF4-4D88-B9CE-2924624CB6E4}.Release|Any CPU.Build.0 = Release|Any CPU
	EndGlobalSection
	GlobalSection(SolutionProperties) = preSolution
		HideSolutionNode = FALSE
	EndGlobalSection
	GlobalSection(ExtensibilityGlobals) = postSolution
		SolutionGuid = {D4355E3B-0200-47CA-8AB9-7F2D9C9C767E}
	EndGlobalSection
EndGlobal
