
Microsoft Visual Studio Solution File, Format Version 12.00
# Visual Studio 15
VisualStudioVersion = 15.0.28307.421
MinimumVisualStudioVersion = 10.0.40219.1
Project("{FAE04EC0-301F-11D3-BF4B-00C04F79EFBC}") = "InterfaceHierarchy", "InterfaceHierarchy\InterfaceHierarchy.csproj", "{6EB722A8-5230-4570-8B9B-12C6F65108B1}"
EndProject
Global
	GlobalSection(SolutionConfigurationPlatforms) = preSolution
		Debug|Any CPU = Debug|Any CPU
		Release|Any CPU = Release|Any CPU
	EndGlobalSection
	GlobalSection(ProjectConfigurationPlatforms) = postSolution
		{6EB722A8-5230-4570-8B9B-12C6F65108B1}.Debug|Any CPU.ActiveCfg = Debug|Any CPU
		{6EB722A8-5230-4570-8B9B-12C6F65108B1}.Debug|Any CPU.Build.0 = Debug|Any CPU
		{6EB722A8-5230-4570-8B9B-12C6F65108B1}.Release|Any CPU.ActiveCfg = Release|Any CPU
		{6EB722A8-5230-4570-8B9B-12C6F65108B1}.Release|Any CPU.Build.0 = Release|Any CPU
	EndGlobalSection
	GlobalSection(SolutionProperties) = preSolution
		HideSolutionNode = FALSE
	EndGlobalSection
	GlobalSection(ExtensibilityGlobals) = postSolution
		SolutionGuid = {BE27BD46-C7C7-4FAB-8446-E7E78F4E0DB9}
	EndGlobalSection
EndGlobal
