
Microsoft Visual Studio Solution File, Format Version 12.00
# Visual Studio 15
VisualStudioVersion = 15.0.28307.421
MinimumVisualStudioVersion = 10.0.40219.1
Project("{FAE04EC0-301F-11D3-BF4B-00C04F79EFBC}") = "App3.Android", "App3\App3.Android\App3.Android.csproj", "{5204F9DA-7D8C-4370-822C-FE59FC31E03F}"
EndProject
Project("{FAE04EC0-301F-11D3-BF4B-00C04F79EFBC}") = "App3.iOS", "App3\App3.iOS\App3.iOS.csproj", "{F59CD38E-6FBA-4DE9-8D9E-8D1235869F12}"
EndProject
Project("{FAE04EC0-301F-11D3-BF4B-00C04F79EFBC}") = "App3", "App3\App3\App3.csproj", "{91765EB0-447F-4189-B2B2-8C64E710C3FD}"
EndProject
Global
	GlobalSection(SolutionConfigurationPlatforms) = preSolution
		Ad-Hoc|Any CPU = Ad-Hoc|Any CPU
		Ad-Hoc|iPhone = Ad-Hoc|iPhone
		Ad-Hoc|iPhoneSimulator = Ad-Hoc|iPhoneSimulator
		AppStore|Any CPU = AppStore|Any CPU
		AppStore|iPhone = AppStore|iPhone
		AppStore|iPhoneSimulator = AppStore|iPhoneSimulator
		Debug|Any CPU = Debug|Any CPU
		Debug|iPhone = Debug|iPhone
		Debug|iPhoneSimulator = Debug|iPhoneSimulator
		Release|Any CPU = Release|Any CPU
		Release|iPhone = Release|iPhone
		Release|iPhoneSimulator = Release|iPhoneSimulator
	EndGlobalSection
	GlobalSection(ProjectConfigurationPlatforms) = postSolution
		{5204F9DA-7D8C-4370-822C-FE59FC31E03F}.Ad-Hoc|Any CPU.ActiveCfg = Release|Any CPU
		{5204F9DA-7D8C-4370-822C-FE59FC31E03F}.Ad-Hoc|Any CPU.Build.0 = Release|Any CPU
		{5204F9DA-7D8C-4370-822C-FE59FC31E03F}.Ad-Hoc|Any CPU.Deploy.0 = Release|Any CPU
		{5204F9DA-7D8C-4370-822C-FE59FC31E03F}.Ad-Hoc|iPhone.ActiveCfg = Release|Any CPU
		{5204F9DA-7D8C-4370-822C-FE59FC31E03F}.Ad-Hoc|iPhone.Build.0 = Release|Any CPU
		{5204F9DA-7D8C-4370-822C-FE59FC31E03F}.Ad-Hoc|iPhone.Deploy.0 = Release|Any CPU
		{5204F9DA-7D8C-4370-822C-FE59FC31E03F}.Ad-Hoc|iPhoneSimulator.ActiveCfg = Release|Any CPU
		{5204F9DA-7D8C-4370-822C-FE59FC31E03F}.Ad-Hoc|iPhoneSimulator.Build.0 = Release|Any CPU
		{5204F9DA-7D8C-4370-822C-FE59FC31E03F}.Ad-Hoc|iPhoneSimulator.Deploy.0 = Release|Any CPU
		{5204F9DA-7D8C-4370-822C-FE59FC31E03F}.AppStore|Any CPU.ActiveCfg = Release|Any CPU
		{5204F9DA-7D8C-4370-822C-FE59FC31E03F}.AppStore|Any CPU.Build.0 = Release|Any CPU
		{5204F9DA-7D8C-4370-822C-FE59FC31E03F}.AppStore|Any CPU.Deploy.0 = Release|Any CPU
		{5204F9DA-7D8C-4370-822C-FE59FC31E03F}.AppStore|iPhone.ActiveCfg = Release|Any CPU
		{5204F9DA-7D8C-4370-822C-FE59FC31E03F}.AppStore|iPhone.Build.0 = Release|Any CPU
		{5204F9DA-7D8C-4370-822C-FE59FC31E03F}.AppStore|iPhone.Deploy.0 = Release|Any CPU
		{5204F9DA-7D8C-4370-822C-FE59FC31E03F}.AppStore|iPhoneSimulator.ActiveCfg = Release|Any CPU
		{5204F9DA-7D8C-4370-822C-FE59FC31E03F}.AppStore|iPhoneSimulator.Build.0 = Release|Any CPU
		{5204F9DA-7D8C-4370-822C-FE59FC31E03F}.AppStore|iPhoneSimulator.Deploy.0 = Release|Any CPU
		{5204F9DA-7D8C-4370-822C-FE59FC31E03F}.Debug|Any CPU.ActiveCfg = Debug|Any CPU
		{5204F9DA-7D8C-4370-822C-FE59FC31E03F}.Debug|Any CPU.Build.0 = Debug|Any CPU
		{5204F9DA-7D8C-4370-822C-FE59FC31E03F}.Debug|Any CPU.Deploy.0 = Debug|Any CPU
		{5204F9DA-7D8C-4370-822C-FE59FC31E03F}.Debug|iPhone.ActiveCfg = Debug|Any CPU
		{5204F9DA-7D8C-4370-822C-FE59FC31E03F}.Debug|iPhone.Build.0 = Debug|Any CPU
		{5204F9DA-7D8C-4370-822C-FE59FC31E03F}.Debug|iPhone.Deploy.0 = Debug|Any CPU
		{5204F9DA-7D8C-4370-822C-FE59FC31E03F}.Debug|iPhoneSimulator.ActiveCfg = Debug|Any CPU
		{5204F9DA-7D8C-4370-822C-FE59FC31E03F}.Debug|iPhoneSimulator.Build.0 = Debug|Any CPU
		{5204F9DA-7D8C-4370-822C-FE59FC31E03F}.Debug|iPhoneSimulator.Deploy.0 = Debug|Any CPU
		{5204F9DA-7D8C-4370-822C-FE59FC31E03F}.Release|Any CPU.ActiveCfg = Release|Any CPU
		{5204F9DA-7D8C-4370-822C-FE59FC31E03F}.Release|Any CPU.Build.0 = Release|Any CPU
		{5204F9DA-7D8C-4370-822C-FE59FC31E03F}.Release|Any CPU.Deploy.0 = Release|Any CPU
		{5204F9DA-7D8C-4370-822C-FE59FC31E03F}.Release|iPhone.ActiveCfg = Release|Any CPU
		{5204F9DA-7D8C-4370-822C-FE59FC31E03F}.Release|iPhone.Build.0 = Release|Any CPU
		{5204F9DA-7D8C-4370-822C-FE59FC31E03F}.Release|iPhone.Deploy.0 = Release|Any CPU
		{5204F9DA-7D8C-4370-822C-FE59FC31E03F}.Release|iPhoneSimulator.ActiveCfg = Release|Any CPU
		{5204F9DA-7D8C-4370-822C-FE59FC31E03F}.Release|iPhoneSimulator.Build.0 = Release|Any CPU
		{5204F9DA-7D8C-4370-822C-FE59FC31E03F}.Release|iPhoneSimulator.Deploy.0 = Release|Any CPU
		{F59CD38E-6FBA-4DE9-8D9E-8D1235869F12}.Ad-Hoc|Any CPU.ActiveCfg = Ad-Hoc|iPhone
		{F59CD38E-6FBA-4DE9-8D9E-8D1235869F12}.Ad-Hoc|Any CPU.Build.0 = Ad-Hoc|iPhone
		{F59CD38E-6FBA-4DE9-8D9E-8D1235869F12}.Ad-Hoc|Any CPU.Deploy.0 = Ad-Hoc|iPhone
		{F59CD38E-6FBA-4DE9-8D9E-8D1235869F12}.Ad-Hoc|iPhone.ActiveCfg = Ad-Hoc|iPhone
		{F59CD38E-6FBA-4DE9-8D9E-8D1235869F12}.Ad-Hoc|iPhone.Build.0 = Ad-Hoc|iPhone
		{F59CD38E-6FBA-4DE9-8D9E-8D1235869F12}.Ad-Hoc|iPhone.Deploy.0 = Ad-Hoc|iPhone
		{F59CD38E-6FBA-4DE9-8D9E-8D1235869F12}.Ad-Hoc|iPhoneSimulator.ActiveCfg = Ad-Hoc|iPhoneSimulator
		{F59CD38E-6FBA-4DE9-8D9E-8D1235869F12}.Ad-Hoc|iPhoneSimulator.Build.0 = Ad-Hoc|iPhoneSimulator
		{F59CD38E-6FBA-4DE9-8D9E-8D1235869F12}.Ad-Hoc|iPhoneSimulator.Deploy.0 = Ad-Hoc|iPhoneSimulator
		{F59CD38E-6FBA-4DE9-8D9E-8D1235869F12}.AppStore|Any CPU.ActiveCfg = AppStore|iPhone
		{F59CD38E-6FBA-4DE9-8D9E-8D1235869F12}.AppStore|Any CPU.Build.0 = AppStore|iPhone
		{F59CD38E-6FBA-4DE9-8D9E-8D1235869F12}.AppStore|Any CPU.Deploy.0 = AppStore|iPhone
		{F59CD38E-6FBA-4DE9-8D9E-8D1235869F12}.AppStore|iPhone.ActiveCfg = AppStore|iPhone
		{F59CD38E-6FBA-4DE9-8D9E-8D1235869F12}.AppStore|iPhone.Build.0 = AppStore|iPhone
		{F59CD38E-6FBA-4DE9-8D9E-8D1235869F12}.AppStore|iPhone.Deploy.0 = AppStore|iPhone
		{F59CD38E-6FBA-4DE9-8D9E-8D1235869F12}.AppStore|iPhoneSimulator.ActiveCfg = AppStore|iPhoneSimulator
		{F59CD38E-6FBA-4DE9-8D9E-8D1235869F12}.AppStore|iPhoneSimulator.Build.0 = AppStore|iPhoneSimulator
		{F59CD38E-6FBA-4DE9-8D9E-8D1235869F12}.AppStore|iPhoneSimulator.Deploy.0 = AppStore|iPhoneSimulator
		{F59CD38E-6FBA-4DE9-8D9E-8D1235869F12}.Debug|Any CPU.ActiveCfg = Debug|iPhoneSimulator
		{F59CD38E-6FBA-4DE9-8D9E-8D1235869F12}.Debug|Any CPU.Build.0 = Debug|iPhoneSimulator
		{F59CD38E-6FBA-4DE9-8D9E-8D1235869F12}.Debug|Any CPU.Deploy.0 = Debug|iPhoneSimulator
		{F59CD38E-6FBA-4DE9-8D9E-8D1235869F12}.Debug|iPhone.ActiveCfg = Debug|iPhone
		{F59CD38E-6FBA-4DE9-8D9E-8D1235869F12}.Debug|iPhone.Build.0 = Debug|iPhone
		{F59CD38E-6FBA-4DE9-8D9E-8D1235869F12}.Debug|iPhone.Deploy.0 = Debug|iPhone
		{F59CD38E-6FBA-4DE9-8D9E-8D1235869F12}.Debug|iPhoneSimulator.ActiveCfg = Debug|iPhoneSimulator
		{F59CD38E-6FBA-4DE9-8D9E-8D1235869F12}.Debug|iPhoneSimulator.Build.0 = Debug|iPhoneSimulator
		{F59CD38E-6FBA-4DE9-8D9E-8D1235869F12}.Debug|iPhoneSimulator.Deploy.0 = Debug|iPhoneSimulator
		{F59CD38E-6FBA-4DE9-8D9E-8D1235869F12}.Release|Any CPU.ActiveCfg = Release|iPhone
		{F59CD38E-6FBA-4DE9-8D9E-8D1235869F12}.Release|Any CPU.Build.0 = Release|iPhone
		{F59CD38E-6FBA-4DE9-8D9E-8D1235869F12}.Release|Any CPU.Deploy.0 = Release|iPhone
		{F59CD38E-6FBA-4DE9-8D9E-8D1235869F12}.Release|iPhone.ActiveCfg = Release|iPhone
		{F59CD38E-6FBA-4DE9-8D9E-8D1235869F12}.Release|iPhone.Build.0 = Release|iPhone
		{F59CD38E-6FBA-4DE9-8D9E-8D1235869F12}.Release|iPhone.Deploy.0 = Release|iPhone
		{F59CD38E-6FBA-4DE9-8D9E-8D1235869F12}.Release|iPhoneSimulator.ActiveCfg = Release|iPhoneSimulator
		{F59CD38E-6FBA-4DE9-8D9E-8D1235869F12}.Release|iPhoneSimulator.Build.0 = Release|iPhoneSimulator
		{F59CD38E-6FBA-4DE9-8D9E-8D1235869F12}.Release|iPhoneSimulator.Deploy.0 = Release|iPhoneSimulator
		{91765EB0-447F-4189-B2B2-8C64E710C3FD}.Ad-Hoc|Any CPU.ActiveCfg = Debug|Any CPU
		{91765EB0-447F-4189-B2B2-8C64E710C3FD}.Ad-Hoc|Any CPU.Build.0 = Debug|Any CPU
		{91765EB0-447F-4189-B2B2-8C64E710C3FD}.Ad-Hoc|Any CPU.Deploy.0 = Debug|Any CPU
		{91765EB0-447F-4189-B2B2-8C64E710C3FD}.Ad-Hoc|iPhone.ActiveCfg = Debug|Any CPU
		{91765EB0-447F-4189-B2B2-8C64E710C3FD}.Ad-Hoc|iPhone.Build.0 = Debug|Any CPU
		{91765EB0-447F-4189-B2B2-8C64E710C3FD}.Ad-Hoc|iPhone.Deploy.0 = Debug|Any CPU
		{91765EB0-447F-4189-B2B2-8C64E710C3FD}.Ad-Hoc|iPhoneSimulator.ActiveCfg = Debug|Any CPU
		{91765EB0-447F-4189-B2B2-8C64E710C3FD}.Ad-Hoc|iPhoneSimulator.Build.0 = Debug|Any CPU
		{91765EB0-447F-4189-B2B2-8C64E710C3FD}.Ad-Hoc|iPhoneSimulator.Deploy.0 = Debug|Any CPU
		{91765EB0-447F-4189-B2B2-8C64E710C3FD}.AppStore|Any CPU.ActiveCfg = Debug|Any CPU
		{91765EB0-447F-4189-B2B2-8C64E710C3FD}.AppStore|Any CPU.Build.0 = Debug|Any CPU
		{91765EB0-447F-4189-B2B2-8C64E710C3FD}.AppStore|Any CPU.Deploy.0 = Debug|Any CPU
		{91765EB0-447F-4189-B2B2-8C64E710C3FD}.AppStore|iPhone.ActiveCfg = Debug|Any CPU
		{91765EB0-447F-4189-B2B2-8C64E710C3FD}.AppStore|iPhone.Build.0 = Debug|Any CPU
		{91765EB0-447F-4189-B2B2-8C64E710C3FD}.AppStore|iPhone.Deploy.0 = Debug|Any CPU
		{91765EB0-447F-4189-B2B2-8C64E710C3FD}.AppStore|iPhoneSimulator.ActiveCfg = Debug|Any CPU
		{91765EB0-447F-4189-B2B2-8C64E710C3FD}.AppStore|iPhoneSimulator.Build.0 = Debug|Any CPU
		{91765EB0-447F-4189-B2B2-8C64E710C3FD}.AppStore|iPhoneSimulator.Deploy.0 = Debug|Any CPU
		{91765EB0-447F-4189-B2B2-8C64E710C3FD}.Debug|Any CPU.ActiveCfg = Debug|Any CPU
		{91765EB0-447F-4189-B2B2-8C64E710C3FD}.Debug|Any CPU.Build.0 = Debug|Any CPU
		{91765EB0-447F-4189-B2B2-8C64E710C3FD}.Debug|Any CPU.Deploy.0 = Debug|Any CPU
		{91765EB0-447F-4189-B2B2-8C64E710C3FD}.Debug|iPhone.ActiveCfg = Debug|Any CPU
		{91765EB0-447F-4189-B2B2-8C64E710C3FD}.Debug|iPhone.Build.0 = Debug|Any CPU
		{91765EB0-447F-4189-B2B2-8C64E710C3FD}.Debug|iPhone.Deploy.0 = Debug|Any CPU
		{91765EB0-447F-4189-B2B2-8C64E710C3FD}.Debug|iPhoneSimulator.ActiveCfg = Debug|Any CPU
		{91765EB0-447F-4189-B2B2-8C64E710C3FD}.Debug|iPhoneSimulator.Build.0 = Debug|Any CPU
		{91765EB0-447F-4189-B2B2-8C64E710C3FD}.Debug|iPhoneSimulator.Deploy.0 = Debug|Any CPU
		{91765EB0-447F-4189-B2B2-8C64E710C3FD}.Release|Any CPU.ActiveCfg = Release|Any CPU
		{91765EB0-447F-4189-B2B2-8C64E710C3FD}.Release|Any CPU.Build.0 = Release|Any CPU
		{91765EB0-447F-4189-B2B2-8C64E710C3FD}.Release|Any CPU.Deploy.0 = Release|Any CPU
		{91765EB0-447F-4189-B2B2-8C64E710C3FD}.Release|iPhone.ActiveCfg = Release|Any CPU
		{91765EB0-447F-4189-B2B2-8C64E710C3FD}.Release|iPhone.Build.0 = Release|Any CPU
		{91765EB0-447F-4189-B2B2-8C64E710C3FD}.Release|iPhone.Deploy.0 = Release|Any CPU
		{91765EB0-447F-4189-B2B2-8C64E710C3FD}.Release|iPhoneSimulator.ActiveCfg = Release|Any CPU
		{91765EB0-447F-4189-B2B2-8C64E710C3FD}.Release|iPhoneSimulator.Build.0 = Release|Any CPU
		{91765EB0-447F-4189-B2B2-8C64E710C3FD}.Release|iPhoneSimulator.Deploy.0 = Release|Any CPU
	EndGlobalSection
	GlobalSection(SolutionProperties) = preSolution
		HideSolutionNode = FALSE
	EndGlobalSection
	GlobalSection(ExtensibilityGlobals) = postSolution
		SolutionGuid = {5E21BF86-14E9-4EED-89F5-02C7DD17BD81}
	EndGlobalSection
EndGlobal
