
Microsoft Visual Studio Solution File, Format Version 12.00
# Visual Studio 15
VisualStudioVersion = 15.0.28307.421
MinimumVisualStudioVersion = 10.0.40219.1
Project("{FAE04EC0-301F-11D3-BF4B-00C04F79EFBC}") = "Polimorfizm", "Polimorfizm\Polimorfizm.csproj", "{377C1F16-A0E6-4A5F-9212-B1B97942648C}"
EndProject
Global
	GlobalSection(SolutionConfigurationPlatforms) = preSolution
		Debug|Any CPU = Debug|Any CPU
		Release|Any CPU = Release|Any CPU
	EndGlobalSection
	GlobalSection(ProjectConfigurationPlatforms) = postSolution
		{377C1F16-A0E6-4A5F-9212-B1B97942648C}.Debug|Any CPU.ActiveCfg = Debug|Any CPU
		{377C1F16-A0E6-4A5F-9212-B1B97942648C}.Debug|Any CPU.Build.0 = Debug|Any CPU
		{377C1F16-A0E6-4A5F-9212-B1B97942648C}.Release|Any CPU.ActiveCfg = Release|Any CPU
		{377C1F16-A0E6-4A5F-9212-B1B97942648C}.Release|Any CPU.Build.0 = Release|Any CPU
	EndGlobalSection
	GlobalSection(SolutionProperties) = preSolution
		HideSolutionNode = FALSE
	EndGlobalSection
	GlobalSection(ExtensibilityGlobals) = postSolution
		SolutionGuid = {B26E3312-9637-4A1A-9A3D-669809C06533}
	EndGlobalSection
EndGlobal
