
Microsoft Visual Studio Solution File, Format Version 12.00
# Visual Studio 15
VisualStudioVersion = 15.0.28307.421
MinimumVisualStudioVersion = 10.0.40219.1
Project("{FAE04EC0-301F-11D3-BF4B-00C04F79EFBC}") = "App1.Android", "App1\App1.Android\App1.Android.csproj", "{44651781-9937-467C-891A-07E94050AE3B}"
EndProject
Project("{FAE04EC0-301F-11D3-BF4B-00C04F79EFBC}") = "App1.iOS", "App1\App1.iOS\App1.iOS.csproj", "{8E894A0B-7282-4B41-82E2-43DF47BB2D93}"
EndProject
Project("{FAE04EC0-301F-11D3-BF4B-00C04F79EFBC}") = "App1", "App1\App1\App1.csproj", "{1352584E-AB9D-42BD-B223-C20E3FB8FA09}"
EndProject
Global
	GlobalSection(SolutionConfigurationPlatforms) = preSolution
		Ad-Hoc|Any CPU = Ad-Hoc|Any CPU
		Ad-Hoc|iPhone = Ad-Hoc|iPhone
		Ad-Hoc|iPhoneSimulator = Ad-Hoc|iPhoneSimulator
		AppStore|Any CPU = AppStore|Any CPU
		AppStore|iPhone = AppStore|iPhone
		AppStore|iPhoneSimulator = AppStore|iPhoneSimulator
		Debug|Any CPU = Debug|Any CPU
		Debug|iPhone = Debug|iPhone
		Debug|iPhoneSimulator = Debug|iPhoneSimulator
		Release|Any CPU = Release|Any CPU
		Release|iPhone = Release|iPhone
		Release|iPhoneSimulator = Release|iPhoneSimulator
	EndGlobalSection
	GlobalSection(ProjectConfigurationPlatforms) = postSolution
		{44651781-9937-467C-891A-07E94050AE3B}.Ad-Hoc|Any CPU.ActiveCfg = Release|Any CPU
		{44651781-9937-467C-891A-07E94050AE3B}.Ad-Hoc|Any CPU.Build.0 = Release|Any CPU
		{44651781-9937-467C-891A-07E94050AE3B}.Ad-Hoc|Any CPU.Deploy.0 = Release|Any CPU
		{44651781-9937-467C-891A-07E94050AE3B}.Ad-Hoc|iPhone.ActiveCfg = Release|Any CPU
		{44651781-9937-467C-891A-07E94050AE3B}.Ad-Hoc|iPhone.Build.0 = Release|Any CPU
		{44651781-9937-467C-891A-07E94050AE3B}.Ad-Hoc|iPhone.Deploy.0 = Release|Any CPU
		{44651781-9937-467C-891A-07E94050AE3B}.Ad-Hoc|iPhoneSimulator.ActiveCfg = Release|Any CPU
		{44651781-9937-467C-891A-07E94050AE3B}.Ad-Hoc|iPhoneSimulator.Build.0 = Release|Any CPU
		{44651781-9937-467C-891A-07E94050AE3B}.Ad-Hoc|iPhoneSimulator.Deploy.0 = Release|Any CPU
		{44651781-9937-467C-891A-07E94050AE3B}.AppStore|Any CPU.ActiveCfg = Release|Any CPU
		{44651781-9937-467C-891A-07E94050AE3B}.AppStore|Any CPU.Build.0 = Release|Any CPU
		{44651781-9937-467C-891A-07E94050AE3B}.AppStore|Any CPU.Deploy.0 = Release|Any CPU
		{44651781-9937-467C-891A-07E94050AE3B}.AppStore|iPhone.ActiveCfg = Release|Any CPU
		{44651781-9937-467C-891A-07E94050AE3B}.AppStore|iPhone.Build.0 = Release|Any CPU
		{44651781-9937-467C-891A-07E94050AE3B}.AppStore|iPhone.Deploy.0 = Release|Any CPU
		{44651781-9937-467C-891A-07E94050AE3B}.AppStore|iPhoneSimulator.ActiveCfg = Release|Any CPU
		{44651781-9937-467C-891A-07E94050AE3B}.AppStore|iPhoneSimulator.Build.0 = Release|Any CPU
		{44651781-9937-467C-891A-07E94050AE3B}.AppStore|iPhoneSimulator.Deploy.0 = Release|Any CPU
		{44651781-9937-467C-891A-07E94050AE3B}.Debug|Any CPU.ActiveCfg = Debug|Any CPU
		{44651781-9937-467C-891A-07E94050AE3B}.Debug|Any CPU.Build.0 = Debug|Any CPU
		{44651781-9937-467C-891A-07E94050AE3B}.Debug|Any CPU.Deploy.0 = Debug|Any CPU
		{44651781-9937-467C-891A-07E94050AE3B}.Debug|iPhone.ActiveCfg = Debug|Any CPU
		{44651781-9937-467C-891A-07E94050AE3B}.Debug|iPhone.Build.0 = Debug|Any CPU
		{44651781-9937-467C-891A-07E94050AE3B}.Debug|iPhone.Deploy.0 = Debug|Any CPU
		{44651781-9937-467C-891A-07E94050AE3B}.Debug|iPhoneSimulator.ActiveCfg = Debug|Any CPU
		{44651781-9937-467C-891A-07E94050AE3B}.Debug|iPhoneSimulator.Build.0 = Debug|Any CPU
		{44651781-9937-467C-891A-07E94050AE3B}.Debug|iPhoneSimulator.Deploy.0 = Debug|Any CPU
		{44651781-9937-467C-891A-07E94050AE3B}.Release|Any CPU.ActiveCfg = Release|Any CPU
		{44651781-9937-467C-891A-07E94050AE3B}.Release|Any CPU.Build.0 = Release|Any CPU
		{44651781-9937-467C-891A-07E94050AE3B}.Release|Any CPU.Deploy.0 = Release|Any CPU
		{44651781-9937-467C-891A-07E94050AE3B}.Release|iPhone.ActiveCfg = Release|Any CPU
		{44651781-9937-467C-891A-07E94050AE3B}.Release|iPhone.Build.0 = Release|Any CPU
		{44651781-9937-467C-891A-07E94050AE3B}.Release|iPhone.Deploy.0 = Release|Any CPU
		{44651781-9937-467C-891A-07E94050AE3B}.Release|iPhoneSimulator.ActiveCfg = Release|Any CPU
		{44651781-9937-467C-891A-07E94050AE3B}.Release|iPhoneSimulator.Build.0 = Release|Any CPU
		{44651781-9937-467C-891A-07E94050AE3B}.Release|iPhoneSimulator.Deploy.0 = Release|Any CPU
		{8E894A0B-7282-4B41-82E2-43DF47BB2D93}.Ad-Hoc|Any CPU.ActiveCfg = Ad-Hoc|iPhone
		{8E894A0B-7282-4B41-82E2-43DF47BB2D93}.Ad-Hoc|Any CPU.Build.0 = Ad-Hoc|iPhone
		{8E894A0B-7282-4B41-82E2-43DF47BB2D93}.Ad-Hoc|Any CPU.Deploy.0 = Ad-Hoc|iPhone
		{8E894A0B-7282-4B41-82E2-43DF47BB2D93}.Ad-Hoc|iPhone.ActiveCfg = Ad-Hoc|iPhone
		{8E894A0B-7282-4B41-82E2-43DF47BB2D93}.Ad-Hoc|iPhone.Build.0 = Ad-Hoc|iPhone
		{8E894A0B-7282-4B41-82E2-43DF47BB2D93}.Ad-Hoc|iPhone.Deploy.0 = Ad-Hoc|iPhone
		{8E894A0B-7282-4B41-82E2-43DF47BB2D93}.Ad-Hoc|iPhoneSimulator.ActiveCfg = Ad-Hoc|iPhoneSimulator
		{8E894A0B-7282-4B41-82E2-43DF47BB2D93}.Ad-Hoc|iPhoneSimulator.Build.0 = Ad-Hoc|iPhoneSimulator
		{8E894A0B-7282-4B41-82E2-43DF47BB2D93}.Ad-Hoc|iPhoneSimulator.Deploy.0 = Ad-Hoc|iPhoneSimulator
		{8E894A0B-7282-4B41-82E2-43DF47BB2D93}.AppStore|Any CPU.ActiveCfg = AppStore|iPhone
		{8E894A0B-7282-4B41-82E2-43DF47BB2D93}.AppStore|Any CPU.Build.0 = AppStore|iPhone
		{8E894A0B-7282-4B41-82E2-43DF47BB2D93}.AppStore|Any CPU.Deploy.0 = AppStore|iPhone
		{8E894A0B-7282-4B41-82E2-43DF47BB2D93}.AppStore|iPhone.ActiveCfg = AppStore|iPhone
		{8E894A0B-7282-4B41-82E2-43DF47BB2D93}.AppStore|iPhone.Build.0 = AppStore|iPhone
		{8E894A0B-7282-4B41-82E2-43DF47BB2D93}.AppStore|iPhone.Deploy.0 = AppStore|iPhone
		{8E894A0B-7282-4B41-82E2-43DF47BB2D93}.AppStore|iPhoneSimulator.ActiveCfg = AppStore|iPhoneSimulator
		{8E894A0B-7282-4B41-82E2-43DF47BB2D93}.AppStore|iPhoneSimulator.Build.0 = AppStore|iPhoneSimulator
		{8E894A0B-7282-4B41-82E2-43DF47BB2D93}.AppStore|iPhoneSimulator.Deploy.0 = AppStore|iPhoneSimulator
		{8E894A0B-7282-4B41-82E2-43DF47BB2D93}.Debug|Any CPU.ActiveCfg = Debug|iPhoneSimulator
		{8E894A0B-7282-4B41-82E2-43DF47BB2D93}.Debug|Any CPU.Build.0 = Debug|iPhoneSimulator
		{8E894A0B-7282-4B41-82E2-43DF47BB2D93}.Debug|Any CPU.Deploy.0 = Debug|iPhoneSimulator
		{8E894A0B-7282-4B41-82E2-43DF47BB2D93}.Debug|iPhone.ActiveCfg = Debug|iPhone
		{8E894A0B-7282-4B41-82E2-43DF47BB2D93}.Debug|iPhone.Build.0 = Debug|iPhone
		{8E894A0B-7282-4B41-82E2-43DF47BB2D93}.Debug|iPhone.Deploy.0 = Debug|iPhone
		{8E894A0B-7282-4B41-82E2-43DF47BB2D93}.Debug|iPhoneSimulator.ActiveCfg = Debug|iPhoneSimulator
		{8E894A0B-7282-4B41-82E2-43DF47BB2D93}.Debug|iPhoneSimulator.Build.0 = Debug|iPhoneSimulator
		{8E894A0B-7282-4B41-82E2-43DF47BB2D93}.Debug|iPhoneSimulator.Deploy.0 = Debug|iPhoneSimulator
		{8E894A0B-7282-4B41-82E2-43DF47BB2D93}.Release|Any CPU.ActiveCfg = Release|iPhone
		{8E894A0B-7282-4B41-82E2-43DF47BB2D93}.Release|Any CPU.Build.0 = Release|iPhone
		{8E894A0B-7282-4B41-82E2-43DF47BB2D93}.Release|Any CPU.Deploy.0 = Release|iPhone
		{8E894A0B-7282-4B41-82E2-43DF47BB2D93}.Release|iPhone.ActiveCfg = Release|iPhone
		{8E894A0B-7282-4B41-82E2-43DF47BB2D93}.Release|iPhone.Build.0 = Release|iPhone
		{8E894A0B-7282-4B41-82E2-43DF47BB2D93}.Release|iPhone.Deploy.0 = Release|iPhone
		{8E894A0B-7282-4B41-82E2-43DF47BB2D93}.Release|iPhoneSimulator.ActiveCfg = Release|iPhoneSimulator
		{8E894A0B-7282-4B41-82E2-43DF47BB2D93}.Release|iPhoneSimulator.Build.0 = Release|iPhoneSimulator
		{8E894A0B-7282-4B41-82E2-43DF47BB2D93}.Release|iPhoneSimulator.Deploy.0 = Release|iPhoneSimulator
		{1352584E-AB9D-42BD-B223-C20E3FB8FA09}.Ad-Hoc|Any CPU.ActiveCfg = Debug|Any CPU
		{1352584E-AB9D-42BD-B223-C20E3FB8FA09}.Ad-Hoc|Any CPU.Build.0 = Debug|Any CPU
		{1352584E-AB9D-42BD-B223-C20E3FB8FA09}.Ad-Hoc|Any CPU.Deploy.0 = Debug|Any CPU
		{1352584E-AB9D-42BD-B223-C20E3FB8FA09}.Ad-Hoc|iPhone.ActiveCfg = Debug|Any CPU
		{1352584E-AB9D-42BD-B223-C20E3FB8FA09}.Ad-Hoc|iPhone.Build.0 = Debug|Any CPU
		{1352584E-AB9D-42BD-B223-C20E3FB8FA09}.Ad-Hoc|iPhone.Deploy.0 = Debug|Any CPU
		{1352584E-AB9D-42BD-B223-C20E3FB8FA09}.Ad-Hoc|iPhoneSimulator.ActiveCfg = Debug|Any CPU
		{1352584E-AB9D-42BD-B223-C20E3FB8FA09}.Ad-Hoc|iPhoneSimulator.Build.0 = Debug|Any CPU
		{1352584E-AB9D-42BD-B223-C20E3FB8FA09}.Ad-Hoc|iPhoneSimulator.Deploy.0 = Debug|Any CPU
		{1352584E-AB9D-42BD-B223-C20E3FB8FA09}.AppStore|Any CPU.ActiveCfg = Debug|Any CPU
		{1352584E-AB9D-42BD-B223-C20E3FB8FA09}.AppStore|Any CPU.Build.0 = Debug|Any CPU
		{1352584E-AB9D-42BD-B223-C20E3FB8FA09}.AppStore|Any CPU.Deploy.0 = Debug|Any CPU
		{1352584E-AB9D-42BD-B223-C20E3FB8FA09}.AppStore|iPhone.ActiveCfg = Debug|Any CPU
		{1352584E-AB9D-42BD-B223-C20E3FB8FA09}.AppStore|iPhone.Build.0 = Debug|Any CPU
		{1352584E-AB9D-42BD-B223-C20E3FB8FA09}.AppStore|iPhone.Deploy.0 = Debug|Any CPU
		{1352584E-AB9D-42BD-B223-C20E3FB8FA09}.AppStore|iPhoneSimulator.ActiveCfg = Debug|Any CPU
		{1352584E-AB9D-42BD-B223-C20E3FB8FA09}.AppStore|iPhoneSimulator.Build.0 = Debug|Any CPU
		{1352584E-AB9D-42BD-B223-C20E3FB8FA09}.AppStore|iPhoneSimulator.Deploy.0 = Debug|Any CPU
		{1352584E-AB9D-42BD-B223-C20E3FB8FA09}.Debug|Any CPU.ActiveCfg = Debug|Any CPU
		{1352584E-AB9D-42BD-B223-C20E3FB8FA09}.Debug|Any CPU.Build.0 = Debug|Any CPU
		{1352584E-AB9D-42BD-B223-C20E3FB8FA09}.Debug|Any CPU.Deploy.0 = Debug|Any CPU
		{1352584E-AB9D-42BD-B223-C20E3FB8FA09}.Debug|iPhone.ActiveCfg = Debug|Any CPU
		{1352584E-AB9D-42BD-B223-C20E3FB8FA09}.Debug|iPhone.Build.0 = Debug|Any CPU
		{1352584E-AB9D-42BD-B223-C20E3FB8FA09}.Debug|iPhone.Deploy.0 = Debug|Any CPU
		{1352584E-AB9D-42BD-B223-C20E3FB8FA09}.Debug|iPhoneSimulator.ActiveCfg = Debug|Any CPU
		{1352584E-AB9D-42BD-B223-C20E3FB8FA09}.Debug|iPhoneSimulator.Build.0 = Debug|Any CPU
		{1352584E-AB9D-42BD-B223-C20E3FB8FA09}.Debug|iPhoneSimulator.Deploy.0 = Debug|Any CPU
		{1352584E-AB9D-42BD-B223-C20E3FB8FA09}.Release|Any CPU.ActiveCfg = Release|Any CPU
		{1352584E-AB9D-42BD-B223-C20E3FB8FA09}.Release|Any CPU.Build.0 = Release|Any CPU
		{1352584E-AB9D-42BD-B223-C20E3FB8FA09}.Release|Any CPU.Deploy.0 = Release|Any CPU
		{1352584E-AB9D-42BD-B223-C20E3FB8FA09}.Release|iPhone.ActiveCfg = Release|Any CPU
		{1352584E-AB9D-42BD-B223-C20E3FB8FA09}.Release|iPhone.Build.0 = Release|Any CPU
		{1352584E-AB9D-42BD-B223-C20E3FB8FA09}.Release|iPhone.Deploy.0 = Release|Any CPU
		{1352584E-AB9D-42BD-B223-C20E3FB8FA09}.Release|iPhoneSimulator.ActiveCfg = Release|Any CPU
		{1352584E-AB9D-42BD-B223-C20E3FB8FA09}.Release|iPhoneSimulator.Build.0 = Release|Any CPU
		{1352584E-AB9D-42BD-B223-C20E3FB8FA09}.Release|iPhoneSimulator.Deploy.0 = Release|Any CPU
	EndGlobalSection
	GlobalSection(SolutionProperties) = preSolution
		HideSolutionNode = FALSE
	EndGlobalSection
	GlobalSection(ExtensibilityGlobals) = postSolution
		SolutionGuid = {3DF6D117-7D50-4BA8-BA21-4A9600673412}
	EndGlobalSection
EndGlobal
