
Microsoft Visual Studio Solution File, Format Version 12.00
# Visual Studio 15
VisualStudioVersion = 15.0.28307.421
MinimumVisualStudioVersion = 10.0.40219.1
Project("{FAE04EC0-301F-11D3-BF4B-00C04F79EFBC}") = "SimpleDelegate", "SimpleDelegate\SimpleDelegate.csproj", "{E3FCC2F5-C14C-486E-ADE9-05DBDCAEF4E9}"
EndProject
Global
	GlobalSection(SolutionConfigurationPlatforms) = preSolution
		Debug|Any CPU = Debug|Any CPU
		Release|Any CPU = Release|Any CPU
	EndGlobalSection
	GlobalSection(ProjectConfigurationPlatforms) = postSolution
		{E3FCC2F5-C14C-486E-ADE9-05DBDCAEF4E9}.Debug|Any CPU.ActiveCfg = Debug|Any CPU
		{E3FCC2F5-C14C-486E-ADE9-05DBDCAEF4E9}.Debug|Any CPU.Build.0 = Debug|Any CPU
		{E3FCC2F5-C14C-486E-ADE9-05DBDCAEF4E9}.Release|Any CPU.ActiveCfg = Release|Any CPU
		{E3FCC2F5-C14C-486E-ADE9-05DBDCAEF4E9}.Release|Any CPU.Build.0 = Release|Any CPU
	EndGlobalSection
	GlobalSection(SolutionProperties) = preSolution
		HideSolutionNode = FALSE
	EndGlobalSection
	GlobalSection(ExtensibilityGlobals) = postSolution
		SolutionGuid = {8130A7DF-4449-4861-B6BA-AAABC0D51565}
	EndGlobalSection
EndGlobal
