
Microsoft Visual Studio Solution File, Format Version 12.00
# Visual Studio 15
VisualStudioVersion = 15.0.28307.421
MinimumVisualStudioVersion = 10.0.40219.1
Project("{FAE04EC0-301F-11D3-BF4B-00C04F79EFBC}") = "TemperatureDelegate", "TemperatureDelegate\TemperatureDelegate.csproj", "{2388BB44-FDC6-462B-B9BC-F6E536F18994}"
EndProject
Global
	GlobalSection(SolutionConfigurationPlatforms) = preSolution
		Debug|Any CPU = Debug|Any CPU
		Release|Any CPU = Release|Any CPU
	EndGlobalSection
	GlobalSection(ProjectConfigurationPlatforms) = postSolution
		{2388BB44-FDC6-462B-B9BC-F6E536F18994}.Debug|Any CPU.ActiveCfg = Debug|Any CPU
		{2388BB44-FDC6-462B-B9BC-F6E536F18994}.Debug|Any CPU.Build.0 = Debug|Any CPU
		{2388BB44-FDC6-462B-B9BC-F6E536F18994}.Release|Any CPU.ActiveCfg = Release|Any CPU
		{2388BB44-FDC6-462B-B9BC-F6E536F18994}.Release|Any CPU.Build.0 = Release|Any CPU
	EndGlobalSection
	GlobalSection(SolutionProperties) = preSolution
		HideSolutionNode = FALSE
	EndGlobalSection
	GlobalSection(ExtensibilityGlobals) = postSolution
		SolutionGuid = {73B5F64C-022D-449F-8D9F-10D43172338F}
	EndGlobalSection
EndGlobal
