
Microsoft Visual Studio Solution File, Format Version 12.00
# Visual Studio 15
VisualStudioVersion = 15.0.28307.421
MinimumVisualStudioVersion = 10.0.40219.1
Project("{FAE04EC0-301F-11D3-BF4B-00C04F79EFBC}") = "TypyGeneryczne", "TypyGeneryczne\TypyGeneryczne.csproj", "{3BDEE75D-52A9-4F6E-B3E6-E54F649313CD}"
EndProject
Global
	GlobalSection(SolutionConfigurationPlatforms) = preSolution
		Debug|Any CPU = Debug|Any CPU
		Release|Any CPU = Release|Any CPU
	EndGlobalSection
	GlobalSection(ProjectConfigurationPlatforms) = postSolution
		{3BDEE75D-52A9-4F6E-B3E6-E54F649313CD}.Debug|Any CPU.ActiveCfg = Debug|Any CPU
		{3BDEE75D-52A9-4F6E-B3E6-E54F649313CD}.Debug|Any CPU.Build.0 = Debug|Any CPU
		{3BDEE75D-52A9-4F6E-B3E6-E54F649313CD}.Release|Any CPU.ActiveCfg = Release|Any CPU
		{3BDEE75D-52A9-4F6E-B3E6-E54F649313CD}.Release|Any CPU.Build.0 = Release|Any CPU
	EndGlobalSection
	GlobalSection(SolutionProperties) = preSolution
		HideSolutionNode = FALSE
	EndGlobalSection
	GlobalSection(ExtensibilityGlobals) = postSolution
		SolutionGuid = {8FAA20BF-1B8F-45A5-8F83-AB83DE6A24A0}
	EndGlobalSection
EndGlobal
