
Microsoft Visual Studio Solution File, Format Version 12.00
# Visual Studio 15
VisualStudioVersion = 15.0.28307.421
MinimumVisualStudioVersion = 10.0.40219.1
Project("{FAE04EC0-301F-11D3-BF4B-00C04F79EFBC}") = "CarEvent", "CarEvent\CarEvent.csproj", "{301CF290-025B-4AC4-858C-8321E73FF53D}"
EndProject
Global
	GlobalSection(SolutionConfigurationPlatforms) = preSolution
		Debug|Any CPU = Debug|Any CPU
		Release|Any CPU = Release|Any CPU
	EndGlobalSection
	GlobalSection(ProjectConfigurationPlatforms) = postSolution
		{301CF290-025B-4AC4-858C-8321E73FF53D}.Debug|Any CPU.ActiveCfg = Debug|Any CPU
		{301CF290-025B-4AC4-858C-8321E73FF53D}.Debug|Any CPU.Build.0 = Debug|Any CPU
		{301CF290-025B-4AC4-858C-8321E73FF53D}.Release|Any CPU.ActiveCfg = Release|Any CPU
		{301CF290-025B-4AC4-858C-8321E73FF53D}.Release|Any CPU.Build.0 = Release|Any CPU
	EndGlobalSection
	GlobalSection(SolutionProperties) = preSolution
		HideSolutionNode = FALSE
	EndGlobalSection
	GlobalSection(ExtensibilityGlobals) = postSolution
		SolutionGuid = {CDFE948E-BE68-4CD4-B00D-A7BD2F6F64D0}
	EndGlobalSection
EndGlobal
